
Microsoft Visual Studio Solution File, Format Version 12.00
# Visual Studio 14
VisualStudioVersion = 14.0.25420.1
MinimumVisualStudioVersion = 10.0.40219.1
Project("{FAE04EC0-301F-11D3-BF4B-00C04F79EFBC}") = "BattleDev", "BattleDev\BattleDev.csproj", "{B95FDA0A-E9BC-472A-BC10-A4E3172F95A0}"
EndProject
Project("{FAE04EC0-301F-11D3-BF4B-00C04F79EFBC}") = "BattleDev.Tests", "BattleDev.Tests\BattleDev.Tests.csproj", "{CE9FAC8C-9D4A-4172-AA24-FCCA301431B0}"
EndProject
Global
	GlobalSection(SolutionConfigurationPlatforms) = preSolution
		Debug|Any CPU = Debug|Any CPU
		Release|Any CPU = Release|Any CPU
	EndGlobalSection
	GlobalSection(ProjectConfigurationPlatforms) = postSolution
		{B95FDA0A-E9BC-472A-BC10-A4E3172F95A0}.Debug|Any CPU.ActiveCfg = Debug|Any CPU
		{B95FDA0A-E9BC-472A-BC10-A4E3172F95A0}.Debug|Any CPU.Build.0 = Debug|Any CPU
		{B95FDA0A-E9BC-472A-BC10-A4E3172F95A0}.Release|Any CPU.ActiveCfg = Release|Any CPU
		{B95FDA0A-E9BC-472A-BC10-A4E3172F95A0}.Release|Any CPU.Build.0 = Release|Any CPU
		{CE9FAC8C-9D4A-4172-AA24-FCCA301431B0}.Debug|Any CPU.ActiveCfg = Debug|Any CPU
		{CE9FAC8C-9D4A-4172-AA24-FCCA301431B0}.Debug|Any CPU.Build.0 = Debug|Any CPU
		{CE9FAC8C-9D4A-4172-AA24-FCCA301431B0}.Release|Any CPU.ActiveCfg = Release|Any CPU
		{CE9FAC8C-9D4A-4172-AA24-FCCA301431B0}.Release|Any CPU.Build.0 = Release|Any CPU
	EndGlobalSection
	GlobalSection(SolutionProperties) = preSolution
		HideSolutionNode = FALSE
	EndGlobalSection
EndGlobal
